
Microsoft Visual Studio Solution File, Format Version 12.00
# Visual Studio 2012
Project("{FAE04EC0-301F-11D3-BF4B-00C04F79EFBC}") = "wikedPad", "WikedPad\wikedPad.csproj", "{68C103D8-6282-439B-9AA4-F78C5FB010FA}"
EndProject
Project("{FAE04EC0-301F-11D3-BF4B-00C04F79EFBC}") = "wikedPad.Tests", "wikedPad.Tests\wikedPad.Tests.csproj", "{A09D1112-5CEA-40DE-9528-775CF0EB9A56}"
EndProject
Project("{FAE04EC0-301F-11D3-BF4B-00C04F79EFBC}") = "wikedPad.Core", "wikedPad.Core\wikedPad.Core.csproj", "{E9424E47-68EC-4605-98B3-EA2F9F1CBDF3}"
EndProject
Project("{2150E333-8FDC-42A3-9474-1A3956D46DE8}") = "Solution Items", "Solution Items", "{96B602AC-36E6-4A3D-BE9F-851B0E5F3284}"
	ProjectSection(SolutionItems) = preProject
		Settings.StyleCop = Settings.StyleCop
	EndProjectSection
EndProject
Global
	GlobalSection(SolutionConfigurationPlatforms) = preSolution
		Debug|Any CPU = Debug|Any CPU
		Release|Any CPU = Release|Any CPU
	EndGlobalSection
	GlobalSection(ProjectConfigurationPlatforms) = postSolution
		{68C103D8-6282-439B-9AA4-F78C5FB010FA}.Debug|Any CPU.ActiveCfg = Debug|Any CPU
		{68C103D8-6282-439B-9AA4-F78C5FB010FA}.Debug|Any CPU.Build.0 = Debug|Any CPU
		{68C103D8-6282-439B-9AA4-F78C5FB010FA}.Release|Any CPU.ActiveCfg = Release|Any CPU
		{68C103D8-6282-439B-9AA4-F78C5FB010FA}.Release|Any CPU.Build.0 = Release|Any CPU
		{A09D1112-5CEA-40DE-9528-775CF0EB9A56}.Debug|Any CPU.ActiveCfg = Debug|Any CPU
		{A09D1112-5CEA-40DE-9528-775CF0EB9A56}.Debug|Any CPU.Build.0 = Debug|Any CPU
		{A09D1112-5CEA-40DE-9528-775CF0EB9A56}.Release|Any CPU.ActiveCfg = Release|Any CPU
		{A09D1112-5CEA-40DE-9528-775CF0EB9A56}.Release|Any CPU.Build.0 = Release|Any CPU
		{E9424E47-68EC-4605-98B3-EA2F9F1CBDF3}.Debug|Any CPU.ActiveCfg = Debug|Any CPU
		{E9424E47-68EC-4605-98B3-EA2F9F1CBDF3}.Debug|Any CPU.Build.0 = Debug|Any CPU
		{E9424E47-68EC-4605-98B3-EA2F9F1CBDF3}.Release|Any CPU.ActiveCfg = Release|Any CPU
		{E9424E47-68EC-4605-98B3-EA2F9F1CBDF3}.Release|Any CPU.Build.0 = Release|Any CPU
	EndGlobalSection
	GlobalSection(SolutionProperties) = preSolution
		HideSolutionNode = FALSE
	EndGlobalSection
EndGlobal
